
Microsoft Visual Studio Solution File, Format Version 12.00
# Visual Studio Version 17
VisualStudioVersion = 17.0.32112.339
MinimumVisualStudioVersion = 10.0.40219.1
Project("{9A19103F-16F7-4668-BE54-9A1E7A4F7556}") = "Menubly.Application", "Menubly.Application\Menubly.Application.csproj", "{5CEA6548-B4AF-4DDB-919D-C76A2DD0CE40}"
EndProject
Project("{9A19103F-16F7-4668-BE54-9A1E7A4F7556}") = "Menubly.Application.Contracts", "Menubly.Application.Contracts\Menubly.Application.Contracts.csproj", "{F0E32193-C395-451C-906B-55FD16B3F57E}"
EndProject
Project("{9A19103F-16F7-4668-BE54-9A1E7A4F7556}") = "Menubly.Domain", "Menubly.Domain\Menubly.Domain.csproj", "{42F075FE-207D-47E4-9CC0-DDA798722002}"
EndProject
Project("{9A19103F-16F7-4668-BE54-9A1E7A4F7556}") = "Menubly.Infrastructure", "Menubly.Infrastructure\Menubly.Infrastructure.csproj", "{9CD0EB18-3842-4DB1-8279-C98827E78DB2}"
EndProject
Project("{9A19103F-16F7-4668-BE54-9A1E7A4F7556}") = "Menubly.Host", "Menubly.Host\Menubly.Host.csproj", "{93240C4F-B51A-478A-A178-9C3A1405932A}"
EndProject
Project("{9A19103F-16F7-4668-BE54-9A1E7A4F7556}") = "Menubly.Api", "Menubly.Api\Menubly.Api.csproj", "{CDAB65D1-B5F3-491C-8FC6-E456C76ACC53}"
EndProject
Project("{2150E333-8FDC-42A3-9474-1A3956D46DE8}") = "Tools", "Tools", "{68487293-4B6F-451B-988D-63296B666242}"
EndProject
Project("{9A19103F-16F7-4668-BE54-9A1E7A4F7556}") = "Menubly.Migrator", "Menubly.Migrator\Menubly.Migrator.csproj", "{99DBF46D-D27D-4F61-B1AE-874AC4F6B198}"
EndProject
Global
	GlobalSection(SolutionConfigurationPlatforms) = preSolution
		Debug|Any CPU = Debug|Any CPU
		Release|Any CPU = Release|Any CPU
	EndGlobalSection
	GlobalSection(ProjectConfigurationPlatforms) = postSolution
		{5CEA6548-B4AF-4DDB-919D-C76A2DD0CE40}.Debug|Any CPU.ActiveCfg = Debug|Any CPU
		{5CEA6548-B4AF-4DDB-919D-C76A2DD0CE40}.Debug|Any CPU.Build.0 = Debug|Any CPU
		{5CEA6548-B4AF-4DDB-919D-C76A2DD0CE40}.Release|Any CPU.ActiveCfg = Release|Any CPU
		{5CEA6548-B4AF-4DDB-919D-C76A2DD0CE40}.Release|Any CPU.Build.0 = Release|Any CPU
		{F0E32193-C395-451C-906B-55FD16B3F57E}.Debug|Any CPU.ActiveCfg = Debug|Any CPU
		{F0E32193-C395-451C-906B-55FD16B3F57E}.Debug|Any CPU.Build.0 = Debug|Any CPU
		{F0E32193-C395-451C-906B-55FD16B3F57E}.Release|Any CPU.ActiveCfg = Release|Any CPU
		{F0E32193-C395-451C-906B-55FD16B3F57E}.Release|Any CPU.Build.0 = Release|Any CPU
		{42F075FE-207D-47E4-9CC0-DDA798722002}.Debug|Any CPU.ActiveCfg = Debug|Any CPU
		{42F075FE-207D-47E4-9CC0-DDA798722002}.Debug|Any CPU.Build.0 = Debug|Any CPU
		{42F075FE-207D-47E4-9CC0-DDA798722002}.Release|Any CPU.ActiveCfg = Release|Any CPU
		{42F075FE-207D-47E4-9CC0-DDA798722002}.Release|Any CPU.Build.0 = Release|Any CPU
		{9CD0EB18-3842-4DB1-8279-C98827E78DB2}.Debug|Any CPU.ActiveCfg = Debug|Any CPU
		{9CD0EB18-3842-4DB1-8279-C98827E78DB2}.Debug|Any CPU.Build.0 = Debug|Any CPU
		{9CD0EB18-3842-4DB1-8279-C98827E78DB2}.Release|Any CPU.ActiveCfg = Release|Any CPU
		{9CD0EB18-3842-4DB1-8279-C98827E78DB2}.Release|Any CPU.Build.0 = Release|Any CPU
		{93240C4F-B51A-478A-A178-9C3A1405932A}.Debug|Any CPU.ActiveCfg = Debug|Any CPU
		{93240C4F-B51A-478A-A178-9C3A1405932A}.Debug|Any CPU.Build.0 = Debug|Any CPU
		{93240C4F-B51A-478A-A178-9C3A1405932A}.Release|Any CPU.ActiveCfg = Release|Any CPU
		{93240C4F-B51A-478A-A178-9C3A1405932A}.Release|Any CPU.Build.0 = Release|Any CPU
		{CDAB65D1-B5F3-491C-8FC6-E456C76ACC53}.Debug|Any CPU.ActiveCfg = Debug|Any CPU
		{CDAB65D1-B5F3-491C-8FC6-E456C76ACC53}.Debug|Any CPU.Build.0 = Debug|Any CPU
		{CDAB65D1-B5F3-491C-8FC6-E456C76ACC53}.Release|Any CPU.ActiveCfg = Release|Any CPU
		{CDAB65D1-B5F3-491C-8FC6-E456C76ACC53}.Release|Any CPU.Build.0 = Release|Any CPU
		{99DBF46D-D27D-4F61-B1AE-874AC4F6B198}.Debug|Any CPU.ActiveCfg = Debug|Any CPU
		{99DBF46D-D27D-4F61-B1AE-874AC4F6B198}.Debug|Any CPU.Build.0 = Debug|Any CPU
		{99DBF46D-D27D-4F61-B1AE-874AC4F6B198}.Release|Any CPU.ActiveCfg = Release|Any CPU
		{99DBF46D-D27D-4F61-B1AE-874AC4F6B198}.Release|Any CPU.Build.0 = Release|Any CPU
	EndGlobalSection
	GlobalSection(SolutionProperties) = preSolution
		HideSolutionNode = FALSE
	EndGlobalSection
	GlobalSection(NestedProjects) = preSolution
		{99DBF46D-D27D-4F61-B1AE-874AC4F6B198} = {68487293-4B6F-451B-988D-63296B666242}
	EndGlobalSection
	GlobalSection(ExtensibilityGlobals) = postSolution
		SolutionGuid = {FF4B5076-3E00-410B-8C44-3A40FFF80DE5}
	EndGlobalSection
EndGlobal
